// !$*UTF8*$!
{
	archiveVersion = 1;
	classes = {
	};
	objectVersion = 50;
	objects = {

/* Begin PBXBuildFile section */
		E0215D3121C4A4DA0084CE68 /* SerialPort.m in Sources */ = {isa = PBXBuildFile; fileRef = E0215D3021C4A4DA0084CE68 /* SerialPort.m */; };
		E0215D3321C575520084CE68 /* ArduinoDevice.swift in Sources */ = {isa = PBXBuildFile; fileRef = E0215D3221C575520084CE68 /* ArduinoDevice.swift */; };
		E02309AE21BE3EA30021933D /* Assets.xcassets in Resources */ = {isa = PBXBuildFile; fileRef = E02309AD21BE3EA30021933D /* Assets.xcassets */; };
		E02309B121BE3EA30021933D /* Main.storyboard in Resources */ = {isa = PBXBuildFile; fileRef = E02309AF21BE3EA30021933D /* Main.storyboard */; };
		E02309B421BE3EA30021933D /* main.m in Sources */ = {isa = PBXBuildFile; fileRef = E02309B321BE3EA30021933D /* main.m */; };
		E0C9A74221C16E45008D9E77 /* DiskViewController.swift in Sources */ = {isa = PBXBuildFile; fileRef = E0C9A74021C16E45008D9E77 /* DiskViewController.swift */; };
		E0C9A74321C16E45008D9E77 /* AppDelegate.swift in Sources */ = {isa = PBXBuildFile; fileRef = E0C9A74121C16E45008D9E77 /* AppDelegate.swift */; };
		E0C9A74521C17036008D9E77 /* AtariDiskImage.swift in Sources */ = {isa = PBXBuildFile; fileRef = E0C9A74421C17036008D9E77 /* AtariDiskImage.swift */; };
		E0C9A74721C17F3C008D9E77 /* DirectoryEntry.swift in Sources */ = {isa = PBXBuildFile; fileRef = E0C9A74621C17F3C008D9E77 /* DirectoryEntry.swift */; };
/* End PBXBuildFile section */

/* Begin PBXFileReference section */
		E0215D2F21C4A4DA0084CE68 /* SerialPort.h */ = {isa = PBXFileReference; lastKnownFileType = sourcecode.c.h; path = SerialPort.h; sourceTree = "<group>"; };
		E0215D3021C4A4DA0084CE68 /* SerialPort.m */ = {isa = PBXFileReference; lastKnownFileType = sourcecode.c.objc; path = SerialPort.m; sourceTree = "<group>"; };
		E0215D3221C575520084CE68 /* ArduinoDevice.swift */ = {isa = PBXFileReference; lastKnownFileType = sourcecode.swift; path = ArduinoDevice.swift; sourceTree = "<group>"; };
		E02309A121BE3EA20021933D /* AtariArduino.app */ = {isa = PBXFileReference; explicitFileType = wrapper.application; includeInIndex = 0; path = AtariArduino.app; sourceTree = BUILT_PRODUCTS_DIR; };
		E02309AD21BE3EA30021933D /* Assets.xcassets */ = {isa = PBXFileReference; lastKnownFileType = folder.assetcatalog; path = Assets.xcassets; sourceTree = "<group>"; };
		E02309B021BE3EA30021933D /* Base */ = {isa = PBXFileReference; lastKnownFileType = file.storyboard; name = Base; path = Base.lproj/Main.storyboard; sourceTree = "<group>"; };
		E02309B221BE3EA30021933D /* Info.plist */ = {isa = PBXFileReference; lastKnownFileType = text.plist.xml; path = Info.plist; sourceTree = "<group>"; };
		E02309B321BE3EA30021933D /* main.m */ = {isa = PBXFileReference; lastKnownFileType = sourcecode.c.objc; path = main.m; sourceTree = "<group>"; };
		E02309B521BE3EA30021933D /* AtariArduino.entitlements */ = {isa = PBXFileReference; lastKnownFileType = text.plist.entitlements; path = AtariArduino.entitlements; sourceTree = "<group>"; };
		E0C9A73F21C16E45008D9E77 /* AtariArduino-Bridging-Header.h */ = {isa = PBXFileReference; fileEncoding = 4; lastKnownFileType = sourcecode.c.h; path = "AtariArduino-Bridging-Header.h"; sourceTree = "<group>"; };
		E0C9A74021C16E45008D9E77 /* DiskViewController.swift */ = {isa = PBXFileReference; fileEncoding = 4; lastKnownFileType = sourcecode.swift; path = DiskViewController.swift; sourceTree = "<group>"; };
		E0C9A74121C16E45008D9E77 /* AppDelegate.swift */ = {isa = PBXFileReference; fileEncoding = 4; lastKnownFileType = sourcecode.swift; path = AppDelegate.swift; sourceTree = "<group>"; };
		E0C9A74421C17036008D9E77 /* AtariDiskImage.swift */ = {isa = PBXFileReference; lastKnownFileType = sourcecode.swift; path = AtariDiskImage.swift; sourceTree = "<group>"; };
		E0C9A74621C17F3C008D9E77 /* DirectoryEntry.swift */ = {isa = PBXFileReference; lastKnownFileType = sourcecode.swift; path = DirectoryEntry.swift; sourceTree = "<group>"; };
/* End PBXFileReference section */

/* Begin PBXFrameworksBuildPhase section */
		E023099E21BE3EA20021933D /* Frameworks */ = {
			isa = PBXFrameworksBuildPhase;
			buildActionMask = 2147483647;
			files = (
			);
			runOnlyForDeploymentPostprocessing = 0;
		};
/* End PBXFrameworksBuildPhase section */

/* Begin PBXGroup section */
		E023099821BE3EA20021933D = {
			isa = PBXGroup;
			children = (
				E02309A321BE3EA20021933D /* AtariArduino */,
				E02309A221BE3EA20021933D /* Products */,
			);
			sourceTree = "<group>";
		};
		E02309A221BE3EA20021933D /* Products */ = {
			isa = PBXGroup;
			children = (
				E02309A121BE3EA20021933D /* AtariArduino.app */,
			);
			name = Products;
			sourceTree = "<group>";
		};
		E02309A321BE3EA20021933D /* AtariArduino */ = {
			isa = PBXGroup;
			children = (
				E0C9A73E21C16E45008D9E77 /* Code */,
				E02309AD21BE3EA30021933D /* Assets.xcassets */,
				E02309AF21BE3EA30021933D /* Main.storyboard */,
				E02309B221BE3EA30021933D /* Info.plist */,
				E02309B321BE3EA30021933D /* main.m */,
				E02309B521BE3EA30021933D /* AtariArduino.entitlements */,
			);
			path = AtariArduino;
			sourceTree = "<group>";
		};
		E0C9A73E21C16E45008D9E77 /* Code */ = {
			isa = PBXGroup;
			children = (
				E0C9A73F21C16E45008D9E77 /* AtariArduino-Bridging-Header.h */,
				E0C9A74121C16E45008D9E77 /* AppDelegate.swift */,
				E0215D3221C575520084CE68 /* ArduinoDevice.swift */,
				E0C9A74021C16E45008D9E77 /* DiskViewController.swift */,
				E0C9A74421C17036008D9E77 /* AtariDiskImage.swift */,
				E0C9A74621C17F3C008D9E77 /* DirectoryEntry.swift */,
				E0215D2F21C4A4DA0084CE68 /* SerialPort.h */,
				E0215D3021C4A4DA0084CE68 /* SerialPort.m */,
			);
			path = Code;
			sourceTree = "<group>";
		};
/* End PBXGroup section */

/* Begin PBXNativeTarget section */
		E02309A021BE3EA20021933D /* AtariArduino */ = {
			isa = PBXNativeTarget;
			buildConfigurationList = E02309B821BE3EA30021933D /* Build configuration list for PBXNativeTarget "AtariArduino" */;
			buildPhases = (
				E023099D21BE3EA20021933D /* Sources */,
				E023099E21BE3EA20021933D /* Frameworks */,
				E023099F21BE3EA20021933D /* Resources */,
			);
			buildRules = (
			);
			dependencies = (
			);
			name = AtariArduino;
			productName = AtariArduino;
			productReference = E02309A121BE3EA20021933D /* AtariArduino.app */;
			productType = "com.apple.product-type.application";
		};
/* End PBXNativeTarget section */

/* Begin PBXProject section */
		E023099921BE3EA20021933D /* Project object */ = {
			isa = PBXProject;
			attributes = {
				LastUpgradeCheck = 1030;
				ORGANIZATIONNAME = "Lucius Kwok";
				TargetAttributes = {
					E02309A021BE3EA20021933D = {
						CreatedOnToolsVersion = 10.1;
						LastSwiftMigration = 1030;
					};
				};
			};
			buildConfigurationList = E023099C21BE3EA20021933D /* Build configuration list for PBXProject "AtariArduino" */;
			compatibilityVersion = "Xcode 9.3";
			developmentRegion = en;
			hasScannedForEncodings = 0;
			knownRegions = (
				en,
				Base,
			);
			mainGroup = E023099821BE3EA20021933D;
			productRefGroup = E02309A221BE3EA20021933D /* Products */;
			projectDirPath = "";
			projectRoot = "";
			targets = (
				E02309A021BE3EA20021933D /* AtariArduino */,
			);
		};
/* End PBXProject section */

/* Begin PBXResourcesBuildPhase section */
		E023099F21BE3EA20021933D /* Resources */ = {
			isa = PBXResourcesBuildPhase;
			buildActionMask = 2147483647;
			files = (
				E02309AE21BE3EA30021933D /* Assets.xcassets in Resources */,
				E02309B121BE3EA30021933D /* Main.storyboard in Resources */,
			);
			runOnlyForDeploymentPostprocessing = 0;
		};
/* End PBXResourcesBuildPhase section */

/* Begin PBXSourcesBuildPhase section */
		E023099D21BE3EA20021933D /* Sources */ = {
			isa = PBXSourcesBuildPhase;
			buildActionMask = 2147483647;
			files = (
				E0C9A74521C17036008D9E77 /* AtariDiskImage.swift in Sources */,
				E0215D3321C575520084CE68 /* ArduinoDevice.swift in Sources */,
				E0C9A74221C16E45008D9E77 /* DiskViewController.swift in Sources */,
				E0215D3121C4A4DA0084CE68 /* SerialPort.m in Sources */,
				E02309B421BE3EA30021933D /* main.m in Sources */,
				E0C9A74321C16E45008D9E77 /* AppDelegate.swift in Sources */,
				E0C9A74721C17F3C008D9E77 /* DirectoryEntry.swift in Sources */,
			);
			runOnlyForDeploymentPostprocessing = 0;
		};
/* End PBXSourcesBuildPhase section */

/* Begin PBXVariantGroup section */
		E02309AF21BE3EA30021933D /* Main.storyboard */ = {
			isa = PBXVariantGroup;
			children = (
				E02309B021BE3EA30021933D /* Base */,
			);
			name = Main.storyboard;
			sourceTree = "<group>";
		};
/* End PBXVariantGroup section */

/* Begin XCBuildConfiguration section */
		E02309B621BE3EA30021933D /* Debug */ = {
			isa = XCBuildConfiguration;
			buildSettings = {
				ALWAYS_SEARCH_USER_PATHS = NO;
				CLANG_ANALYZER_NONNULL = YES;
				CLANG_ANALYZER_NUMBER_OBJECT_CONVERSION = YES_AGGRESSIVE;
				CLANG_CXX_LANGUAGE_STANDARD = "gnu++14";
				CLANG_CXX_LIBRARY = "libc++";
				CLANG_ENABLE_MODULES = YES;
				CLANG_ENABLE_OBJC_ARC = YES;
				CLANG_ENABLE_OBJC_WEAK = YES;
				CLANG_WARN_BLOCK_CAPTURE_AUTORELEASING = YES;
				CLANG_WARN_BOOL_CONVERSION = YES;
				CLANG_WARN_COMMA = YES;
				CLANG_WARN_CONSTANT_CONVERSION = YES;
				CLANG_WARN_DEPRECATED_OBJC_IMPLEMENTATIONS = YES;
				CLANG_WARN_DIRECT_OBJC_ISA_USAGE = YES_ERROR;
				CLANG_WARN_DOCUMENTATION_COMMENTS = YES;
				CLANG_WARN_EMPTY_BODY = YES;
				CLANG_WARN_ENUM_CONVERSION = YES;
				CLANG_WARN_INFINITE_RECURSION = YES;
				CLANG_WARN_INT_CONVERSION = YES;
				CLANG_WARN_NON_LITERAL_NULL_CONVERSION = YES;
				CLANG_WARN_OBJC_IMPLICIT_RETAIN_SELF = YES;
				CLANG_WARN_OBJC_LITERAL_CONVERSION = YES;
				CLANG_WARN_OBJC_ROOT_CLASS = YES_ERROR;
				CLANG_WARN_RANGE_LOOP_ANALYSIS = YES;
				CLANG_WARN_STRICT_PROTOTYPES = YES;
				CLANG_WARN_SUSPICIOUS_MOVE = YES;
				CLANG_WARN_UNGUARDED_AVAILABILITY = YES_AGGRESSIVE;
				CLANG_WARN_UNREACHABLE_CODE = YES;
				CLANG_WARN__DUPLICATE_METHOD_MATCH = YES;
				CODE_SIGN_IDENTITY = "Mac Developer";
				COPY_PHASE_STRIP = NO;
				DEBUG_INFORMATION_FORMAT = dwarf;
				ENABLE_STRICT_OBJC_MSGSEND = YES;
				ENABLE_TESTABILITY = YES;
				GCC_C_LANGUAGE_STANDARD = gnu11;
				GCC_DYNAMIC_NO_PIC = NO;
				GCC_NO_COMMON_BLOCKS = YES;
				GCC_OPTIMIZATION_LEVEL = 0;
				GCC_PREPROCESSOR_DEFINITIONS = (
					"DEBUG=1",
					"$(inherited)",
				);
				GCC_WARN_64_TO_32_BIT_CONVERSION = YES;
				GCC_WARN_ABOUT_RETURN_TYPE = YES_ERROR;
				GCC_WARN_UNDECLARED_SELECTOR = YES;
				GCC_WARN_UNINITIALIZED_AUTOS = YES_AGGRESSIVE;
				GCC_WARN_UNUSED_FUNCTION = YES;
				GCC_WARN_UNUSED_VARIABLE = YES;
				MACOSX_DEPLOYMENT_TARGET = 10.13;
				MTL_ENABLE_DEBUG_INFO = INCLUDE_SOURCE;
				MTL_FAST_MATH = YES;
				ONLY_ACTIVE_ARCH = YES;
				SDKROOT = macosx;
			};
			name = Debug;
		};
		E02309B721BE3EA30021933D /* Release */ = {
			isa = XCBuildConfiguration;
			buildSettings = {
				ALWAYS_SEARCH_USER_PATHS = NO;
				CLANG_ANALYZER_NONNULL = YES;
				CLANG_ANALYZER_NUMBER_OBJECT_CONVERSION = YES_AGGRESSIVE;
				CLANG_CXX_LANGUAGE_STANDARD = "gnu++14";
				CLANG_CXX_LIBRARY = "libc++";
				CLANG_ENABLE_MODULES = YES;
				CLANG_ENABLE_OBJC_ARC = YES;
				CLANG_ENABLE_OBJC_WEAK = YES;
				CLANG_WARN_BLOCK_CAPTURE_AUTORELEASING = YES;
				CLANG_WARN_BOOL_CONVERSION = YES;
				CLANG_WARN_COMMA = YES;
				CLANG_WARN_CONSTANT_CONVERSION = YES;
				CLANG_WARN_DEPRECATED_OBJC_IMPLEMENTATIONS = YES;
				CLANG_WARN_DIRECT_OBJC_ISA_USAGE = YES_ERROR;
				CLANG_WARN_DOCUMENTATION_COMMENTS = YES;
				CLANG_WARN_EMPTY_BODY = YES;
				CLANG_WARN_ENUM_CONVERSION = YES;
				CLANG_WARN_INFINITE_RECURSION = YES;
				CLANG_WARN_INT_CONVERSION = YES;
				CLANG_WARN_NON_LITERAL_NULL_CONVERSION = YES;
				CLANG_WARN_OBJC_IMPLICIT_RETAIN_SELF = YES;
				CLANG_WARN_OBJC_LITERAL_CONVERSION = YES;
				CLANG_WARN_OBJC_ROOT_CLASS = YES_ERROR;
				CLANG_WARN_RANGE_LOOP_ANALYSIS = YES;
				CLANG_WARN_STRICT_PROTOTYPES = YES;
				CLANG_WARN_SUSPICIOUS_MOVE = YES;
				CLANG_WARN_UNGUARDED_AVAILABILITY = YES_AGGRESSIVE;
				CLANG_WARN_UNREACHABLE_CODE = YES;
				CLANG_WARN__DUPLICATE_METHOD_MATCH = YES;
				CODE_SIGN_IDENTITY = "Mac Developer";
				COPY_PHASE_STRIP = NO;
				DEBUG_INFORMATION_FORMAT = "dwarf-with-dsym";
				ENABLE_NS_ASSERTIONS = NO;
				ENABLE_STRICT_OBJC_MSGSEND = YES;
				GCC_C_LANGUAGE_STANDARD = gnu11;
				GCC_NO_COMMON_BLOCKS = YES;
				GCC_WARN_64_TO_32_BIT_CONVERSION = YES;
				GCC_WARN_ABOUT_RETURN_TYPE = YES_ERROR;
				GCC_WARN_UNDECLARED_SELECTOR = YES;
				GCC_WARN_UNINITIALIZED_AUTOS = YES_AGGRESSIVE;
				GCC_WARN_UNUSED_FUNCTION = YES;
				GCC_WARN_UNUSED_VARIABLE = YES;
				MACOSX_DEPLOYMENT_TARGET = 10.13;
				MTL_ENABLE_DEBUG_INFO = NO;
				MTL_FAST_MATH = YES;
				SDKROOT = macosx;
				SWIFT_COMPILATION_MODE = wholemodule;
			};
			name = Release;
		};
		E02309B921BE3EA30021933D /* Debug */ = {
			isa = XCBuildConfiguration;
			buildSettings = {
				ASSETCATALOG_COMPILER_APPICON_NAME = AppIcon;
				CLANG_ENABLE_MODULES = YES;
				CODE_SIGN_ENTITLEMENTS = AtariArduino/AtariArduino.entitlements;
				CODE_SIGN_STYLE = Automatic;
				COMBINE_HIDPI_IMAGES = YES;
				DEVELOPMENT_TEAM = 3SG39UNL38;
				INFOPLIST_FILE = AtariArduino/Info.plist;
				LD_RUNPATH_SEARCH_PATHS = (
					"$(inherited)",
					"@executable_path/../Frameworks",
				);
				PRODUCT_BUNDLE_IDENTIFIER = com.felttip.AtariArduino;
				PRODUCT_NAME = "$(TARGET_NAME)";
				SWIFT_OBJC_BRIDGING_HEADER = "AtariArduino/Code/AtariArduino-Bridging-Header.h";
				SWIFT_OPTIMIZATION_LEVEL = "-Onone";
				SWIFT_VERSION = 5.0;
			};
			name = Debug;
		};
		E02309BA21BE3EA30021933D /* Release */ = {
			isa = XCBuildConfiguration;
			buildSettings = {
				ASSETCATALOG_COMPILER_APPICON_NAME = AppIcon;
				CLANG_ENABLE_MODULES = YES;
				CODE_SIGN_ENTITLEMENTS = AtariArduino/AtariArduino.entitlements;
				CODE_SIGN_STYLE = Automatic;
				COMBINE_HIDPI_IMAGES = YES;
				DEVELOPMENT_TEAM = 3SG39UNL38;
				INFOPLIST_FILE = AtariArduino/Info.plist;
				LD_RUNPATH_SEARCH_PATHS = (
					"$(inherited)",
					"@executable_path/../Frameworks",
				);
				PRODUCT_BUNDLE_IDENTIFIER = com.felttip.AtariArduino;
				PRODUCT_NAME = "$(TARGET_NAME)";
				SWIFT_OBJC_BRIDGING_HEADER = "AtariArduino/Code/AtariArduino-Bridging-Header.h";
				SWIFT_VERSION = 5.0;
			};
			name = Release;
		};
/* End XCBuildConfiguration section */

/* Begin XCConfigurationList section */
		E023099C21BE3EA20021933D /* Build configuration list for PBXProject "AtariArduino" */ = {
			isa = XCConfigurationList;
			buildConfigurations = (
				E02309B621BE3EA30021933D /* Debug */,
				E02309B721BE3EA30021933D /* Release */,
			);
			defaultConfigurationIsVisible = 0;
			defaultConfigurationName = Release;
		};
		E02309B821BE3EA30021933D /* Build configuration list for PBXNativeTarget "AtariArduino" */ = {
			isa = XCConfigurationList;
			buildConfigurations = (
				E02309B921BE3EA30021933D /* Debug */,
				E02309BA21BE3EA30021933D /* Release */,
			);
			defaultConfigurationIsVisible = 0;
			defaultConfigurationName = Release;
		};
/* End XCConfigurationList section */
	};
	rootObject = E023099921BE3EA20021933D /* Project object */;
}
